{
  "lockfileVersion": 1,
  "configVersion": 1,
  "workspaces": {
    "": {
      "name": "qris-dinamis-go-functions",
      "dependencies": {
        "qrcode-generator": "^1.4.4",
      },
    },
  },
  "packages": {
    "qrcode-generator": ["qrcode-generator@1.5.2", "", {}, "sha512-pItrW0Z9HnDBnFmgiNrY1uxRdri32Uh9EjNYLPVC2zZ3ZRIIEqBoDgm4DkvDwNNDHTK7FNkmr8zAa77BYc9xNw=="],
  }
}
